{
  "name": "find-a-pair",
  "requires": true,
  "lockfileVersion": 1,
  "dependencies": {
    "bootstrap": {
      "version": "4.4.1"
    },
    "bootswatch": {
      "version": "4.4.1",
      "resolved": "https://registry.npmjs.org/bootswatch/-/bootswatch-4.4.1.tgz",
      "integrity": "sha512-Kx3z6+3Jpg9g6l/xZBCnc8d6KeJK0QawxCZWOomdcI5AuSZLZb+DoH5X9RJH+cOcSeMAxyzdIjkVUR01+Db5bQ=="
    },
    "jquery": {
      "version": "3.5.1"
    },
    "popper.js": {
      "version": "1.16.1"
    }
  }
}
